
Microsoft Visual Studio Solution File, Format Version 12.00
# Visual Studio Version 17
VisualStudioVersion = 17.0.32126.317
MinimumVisualStudioVersion = 10.0.40219.1
Project("{FAE04EC0-301F-11D3-BF4B-00C04F79EFBC}") = "JsonPlaceholder.WebApi", "JsonPlaceholder.WebApi\JsonPlaceholder.WebApi.csproj", "{E5D15EA9-B741-40DF-973C-3929E45D015F}"
EndProject
Project("{2150E333-8FDC-42A3-9474-1A3956D46DE8}") = "Solution Folder", "Solution Folder", "{03653560-504C-4203-AB21-B249E482F1FB}"
	ProjectSection(SolutionItems) = preProject
		.gitattributes = .gitattributes
		.gitignore = .gitignore
		README.md = README.md
	EndProjectSection
EndProject
Global
	GlobalSection(SolutionConfigurationPlatforms) = preSolution
		Debug|Any CPU = Debug|Any CPU
		Release|Any CPU = Release|Any CPU
	EndGlobalSection
	GlobalSection(ProjectConfigurationPlatforms) = postSolution
		{E5D15EA9-B741-40DF-973C-3929E45D015F}.Debug|Any CPU.ActiveCfg = Debug|Any CPU
		{E5D15EA9-B741-40DF-973C-3929E45D015F}.Debug|Any CPU.Build.0 = Debug|Any CPU
		{E5D15EA9-B741-40DF-973C-3929E45D015F}.Release|Any CPU.ActiveCfg = Release|Any CPU
		{E5D15EA9-B741-40DF-973C-3929E45D015F}.Release|Any CPU.Build.0 = Release|Any CPU
	EndGlobalSection
	GlobalSection(SolutionProperties) = preSolution
		HideSolutionNode = FALSE
	EndGlobalSection
	GlobalSection(ExtensibilityGlobals) = postSolution
		SolutionGuid = {0B0C8FEB-FF8B-4F87-BCCC-00DF96FA01E5}
	EndGlobalSection
EndGlobal
